
Microsoft Visual Studio Solution File, Format Version 12.00
# Visual Studio Version 16
VisualStudioVersion = 16.0.30114.105
MinimumVisualStudioVersion = 10.0.40219.1
Project("{FAE04EC0-301F-11D3-BF4B-00C04F79EFBC}") = "convertidorCodigos", "convertidorCodigos\convertidorCodigos.csproj", "{70E33EF8-2BAD-4F68-9077-357018B69332}"
EndProject
Global
	GlobalSection(SolutionConfigurationPlatforms) = preSolution
		Debug|Any CPU = Debug|Any CPU
		Release|Any CPU = Release|Any CPU
	EndGlobalSection
	GlobalSection(ProjectConfigurationPlatforms) = postSolution
		{70E33EF8-2BAD-4F68-9077-357018B69332}.Debug|Any CPU.ActiveCfg = Debug|Any CPU
		{70E33EF8-2BAD-4F68-9077-357018B69332}.Debug|Any CPU.Build.0 = Debug|Any CPU
		{70E33EF8-2BAD-4F68-9077-357018B69332}.Release|Any CPU.ActiveCfg = Release|Any CPU
		{70E33EF8-2BAD-4F68-9077-357018B69332}.Release|Any CPU.Build.0 = Release|Any CPU
	EndGlobalSection
	GlobalSection(SolutionProperties) = preSolution
		HideSolutionNode = FALSE
	EndGlobalSection
	GlobalSection(ExtensibilityGlobals) = postSolution
		SolutionGuid = {6F7AE2E0-E12F-48CB-A959-11DEEF692C68}
	EndGlobalSection
EndGlobal
